
Microsoft Visual Studio Solution File, Format Version 12.00
# Visual Studio Version 17
VisualStudioVersion = 17.12.35527.113 d17.12
MinimumVisualStudioVersion = 10.0.40219.1
Project("{FAE04EC0-301F-11D3-BF4B-00C04F79EFBC}") = "Resturant.Presentation", "Resturant.Presentation\Resturant.Presentation.csproj", "{270C5841-96A9-4479-9BB6-9B6FE809451B}"
EndProject
Project("{FAE04EC0-301F-11D3-BF4B-00C04F79EFBC}") = "Resturant.Business", "Resturant.Business\Resturant.Business.csproj", "{56E49607-F245-4758-A815-A07B40E33385}"
EndProject
Project("{FAE04EC0-301F-11D3-BF4B-00C04F79EFBC}") = "Resturant.DataAcess", "Resturant.DataAcess\Resturant.DataAcess.csproj", "{95C1B99E-5DAD-4333-8712-7FB3BF390EB0}"
EndProject
Global
	GlobalSection(SolutionConfigurationPlatforms) = preSolution
		Debug|Any CPU = Debug|Any CPU
		Release|Any CPU = Release|Any CPU
	EndGlobalSection
	GlobalSection(ProjectConfigurationPlatforms) = postSolution
		{270C5841-96A9-4479-9BB6-9B6FE809451B}.Debug|Any CPU.ActiveCfg = Debug|Any CPU
		{270C5841-96A9-4479-9BB6-9B6FE809451B}.Debug|Any CPU.Build.0 = Debug|Any CPU
		{270C5841-96A9-4479-9BB6-9B6FE809451B}.Release|Any CPU.ActiveCfg = Release|Any CPU
		{270C5841-96A9-4479-9BB6-9B6FE809451B}.Release|Any CPU.Build.0 = Release|Any CPU
		{56E49607-F245-4758-A815-A07B40E33385}.Debug|Any CPU.ActiveCfg = Debug|Any CPU
		{56E49607-F245-4758-A815-A07B40E33385}.Debug|Any CPU.Build.0 = Debug|Any CPU
		{56E49607-F245-4758-A815-A07B40E33385}.Release|Any CPU.ActiveCfg = Release|Any CPU
		{56E49607-F245-4758-A815-A07B40E33385}.Release|Any CPU.Build.0 = Release|Any CPU
		{95C1B99E-5DAD-4333-8712-7FB3BF390EB0}.Debug|Any CPU.ActiveCfg = Debug|Any CPU
		{95C1B99E-5DAD-4333-8712-7FB3BF390EB0}.Debug|Any CPU.Build.0 = Debug|Any CPU
		{95C1B99E-5DAD-4333-8712-7FB3BF390EB0}.Release|Any CPU.ActiveCfg = Release|Any CPU
		{95C1B99E-5DAD-4333-8712-7FB3BF390EB0}.Release|Any CPU.Build.0 = Release|Any CPU
	EndGlobalSection
	GlobalSection(SolutionProperties) = preSolution
		HideSolutionNode = FALSE
	EndGlobalSection
EndGlobal
